
Microsoft Visual Studio Solution File, Format Version 12.00
# Visual Studio Version 17
VisualStudioVersion = 17.12.35527.113 d17.12
MinimumVisualStudioVersion = 10.0.40219.1
Project("{FAE04EC0-301F-11D3-BF4B-00C04F79EFBC}") = "ConfigurationExamples", "IConfigurationExamples\ConfigurationExamples.csproj", "{C05FD837-1CB0-457B-B1B0-DE4FD24C0EF0}"
EndProject
Project("{FAE04EC0-301F-11D3-BF4B-00C04F79EFBC}") = "ConfigurationExamplesWeb", "ConfigurationExamplesWeb\ConfigurationExamplesWeb.csproj", "{3ED395E9-29D1-4E4D-9EB4-02750E2775FB}"
EndProject
Global
	GlobalSection(SolutionConfigurationPlatforms) = preSolution
		Debug|Any CPU = Debug|Any CPU
		Release|Any CPU = Release|Any CPU
	EndGlobalSection
	GlobalSection(ProjectConfigurationPlatforms) = postSolution
		{C05FD837-1CB0-457B-B1B0-DE4FD24C0EF0}.Debug|Any CPU.ActiveCfg = Debug|Any CPU
		{C05FD837-1CB0-457B-B1B0-DE4FD24C0EF0}.Debug|Any CPU.Build.0 = Debug|Any CPU
		{C05FD837-1CB0-457B-B1B0-DE4FD24C0EF0}.Release|Any CPU.ActiveCfg = Release|Any CPU
		{C05FD837-1CB0-457B-B1B0-DE4FD24C0EF0}.Release|Any CPU.Build.0 = Release|Any CPU
		{3ED395E9-29D1-4E4D-9EB4-02750E2775FB}.Debug|Any CPU.ActiveCfg = Debug|Any CPU
		{3ED395E9-29D1-4E4D-9EB4-02750E2775FB}.Debug|Any CPU.Build.0 = Debug|Any CPU
		{3ED395E9-29D1-4E4D-9EB4-02750E2775FB}.Release|Any CPU.ActiveCfg = Release|Any CPU
		{3ED395E9-29D1-4E4D-9EB4-02750E2775FB}.Release|Any CPU.Build.0 = Release|Any CPU
	EndGlobalSection
	GlobalSection(SolutionProperties) = preSolution
		HideSolutionNode = FALSE
	EndGlobalSection
EndGlobal
